
Microsoft Visual Studio Solution File, Format Version 12.00
# Visual Studio Version 16
VisualStudioVersion = 16.0.31613.86
MinimumVisualStudioVersion = 10.0.40219.1
Project("{FAE04EC0-301F-11D3-BF4B-00C04F79EFBC}") = "GrpcClientFactoryDemo", "GrpcClientFactoryDemo.csproj", "{2529340B-7635-463C-8FE1-1A825F7A66DE}"
EndProject
Global
	GlobalSection(SolutionConfigurationPlatforms) = preSolution
		Debug|Any CPU = Debug|Any CPU
		Release|Any CPU = Release|Any CPU
	EndGlobalSection
	GlobalSection(ProjectConfigurationPlatforms) = postSolution
		{2529340B-7635-463C-8FE1-1A825F7A66DE}.Debug|Any CPU.ActiveCfg = Debug|Any CPU
		{2529340B-7635-463C-8FE1-1A825F7A66DE}.Debug|Any CPU.Build.0 = Debug|Any CPU
		{2529340B-7635-463C-8FE1-1A825F7A66DE}.Release|Any CPU.ActiveCfg = Release|Any CPU
		{2529340B-7635-463C-8FE1-1A825F7A66DE}.Release|Any CPU.Build.0 = Release|Any CPU
	EndGlobalSection
	GlobalSection(SolutionProperties) = preSolution
		HideSolutionNode = FALSE
	EndGlobalSection
	GlobalSection(ExtensibilityGlobals) = postSolution
		SolutionGuid = {5756BFC9-EB83-4A9E-922B-0D9609FE8C3A}
	EndGlobalSection
EndGlobal
